{
  "version": 4,
  "terraform_version": "0.12.21",
  "serial": 38,
  "lineage": "c1ca2037-2850-97e0-d62c-59df0cf99c1e",
  "outputs": {},
  "resources": [
    {
      "mode": "managed",
      "type": "azurerm_key_vault",
      "name": "keyvault",
      "provider": "provider.azurerm",
      "instances": [
        {
          "schema_version": 1,
          "attributes": {
            "access_policy": [
              {
                "application_id": "",
                "certificate_permissions": [
                  "Get",
                  "List",
                  "Update",
                  "Create",
                  "Import",
                  "Delete",
                  "Recover",
                  "Backup",
                  "Restore",
                  "ManageContacts",
                  "ManageIssuers",
                  "GetIssuers",
                  "ListIssuers",
                  "SetIssuers",
                  "DeleteIssuers"
                ],
                "key_permissions": [
                  "Get",
                  "List",
                  "Update",
                  "Create",
                  "Import",
                  "Delete",
                  "Recover",
                  "Backup",
                  "Restore"
                ],
                "object_id": "13ab9cf1-827a-4a81-8ad5-4e138385cfde",
                "secret_permissions": [
                  "Get",
                  "List",
                  "Set",
                  "Delete",
                  "Recover",
                  "Backup",
                  "Restore"
                ],
                "storage_permissions": [],
                "tenant_id": "9ed55846-8a81-4246-acd8-b1a01abfc0d1"
              },
              {
                "application_id": "",
                "certificate_permissions": [
                  "Get",
                  "List",
                  "Update",
                  "Create",
                  "Import",
                  "Delete",
                  "Recover",
                  "Backup",
                  "Restore",
                  "ManageContacts",
                  "ManageIssuers",
                  "GetIssuers",
                  "ListIssuers",
                  "SetIssuers",
                  "DeleteIssuers"
                ],
                "key_permissions": [
                  "Get",
                  "List",
                  "Update",
                  "Create",
                  "Import",
                  "Delete",
                  "Recover",
                  "Backup",
                  "Restore"
                ],
                "object_id": "b6c798a4-fa4b-4e83-aeef-f4d6aba72f46",
                "secret_permissions": [
                  "Get",
                  "List",
                  "Set",
                  "Delete",
                  "Recover",
                  "Backup",
                  "Restore"
                ],
                "storage_permissions": [],
                "tenant_id": "9ed55846-8a81-4246-acd8-b1a01abfc0d1"
              },
              {
                "application_id": "e39aa735-9298-4b35-b742-96fd74e5fd48",
                "certificate_permissions": [
                  "Get",
                  "List",
                  "Update",
                  "Create",
                  "Import",
                  "Delete",
                  "Recover",
                  "Backup",
                  "Restore",
                  "ManageContacts",
                  "ManageIssuers",
                  "GetIssuers",
                  "ListIssuers",
                  "SetIssuers",
                  "DeleteIssuers"
                ],
                "key_permissions": [
                  "Get",
                  "List",
                  "Update",
                  "Create",
                  "Import",
                  "Delete",
                  "Recover",
                  "Backup",
                  "Restore"
                ],
                "object_id": "f3140e7a-b81e-4437-bacf-7648693b51f3",
                "secret_permissions": [
                  "Get",
                  "List",
                  "Set",
                  "Delete",
                  "Recover",
                  "Backup",
                  "Restore"
                ],
                "storage_permissions": [],
                "tenant_id": "9ed55846-8a81-4246-acd8-b1a01abfc0d1"
              },
              {
                "application_id": "",
                "certificate_permissions": [
                  "Get",
                  "List",
                  "Update",
                  "Create",
                  "Import",
                  "Delete",
                  "Recover",
                  "Backup",
                  "Restore",
                  "ManageContacts",
                  "ManageIssuers",
                  "GetIssuers",
                  "ListIssuers",
                  "SetIssuers",
                  "DeleteIssuers"
                ],
                "key_permissions": [
                  "Get",
                  "List",
                  "Update",
                  "Create",
                  "Import",
                  "Delete",
                  "Recover",
                  "Backup",
                  "Restore"
                ],
                "object_id": "f3140e7a-b81e-4437-bacf-7648693b51f3",
                "secret_permissions": [
                  "Get",
                  "List",
                  "Set",
                  "Delete",
                  "Recover",
                  "Backup",
                  "Restore"
                ],
                "storage_permissions": [],
                "tenant_id": "9ed55846-8a81-4246-acd8-b1a01abfc0d1"
              }
            ],
            "enabled_for_deployment": false,
            "enabled_for_disk_encryption": true,
            "enabled_for_template_deployment": false,
            "id": "/subscriptions/07f55ef5-e27b-42ca-9771-f2705b08acd1/resourceGroups/EsDCKombineRG/providers/Microsoft.KeyVault/vaults/kombine-keyvault-Sandbox",
            "location": "canadacentral",
            "name": "kombine-keyvault-Sandbox",
            "network_acls": [
              {
                "bypass": "AzureServices",
                "default_action": "Allow",
                "ip_rules": [],
                "virtual_network_subnet_ids": []
              }
            ],
            "purge_protection_enabled": false,
            "resource_group_name": "EsDCKombineRG",
            "sku_name": "standard",
            "soft_delete_enabled": false,
            "tags": {
              "Branch": "IITB",
              "Classification": "Unclassified",
              "Directorate": "BSIM",
              "Project": "DTS",
              "Terraform": "True",
              "environment": "Sandbox"
            },
            "tenant_id": "9ed55846-8a81-4246-acd8-b1a01abfc0d1",
            "timeouts": null,
            "vault_uri": "https://kombine-keyvault-sandbox.vault.azure.net/"
          },
          "private": "eyJlMmJmYjczMC1lY2FhLTExZTYtOGY4OC0zNDM2M2JjN2M0YzAiOnsiY3JlYXRlIjoxODAwMDAwMDAwMDAwLCJkZWxldGUiOjE4MDAwMDAwMDAwMDAsInJlYWQiOjMwMDAwMDAwMDAwMCwidXBkYXRlIjoxODAwMDAwMDAwMDAwfSwic2NoZW1hX3ZlcnNpb24iOiIxIn0=",
          "dependencies": [
            "azurerm_resource_group.main"
          ]
        }
      ]
    },
    {
      "mode": "managed",
      "type": "azurerm_key_vault_certificate",
      "name": "kombine-example-cert",
      "provider": "provider.azurerm",
      "instances": [
        {
          "schema_version": 0,
          "attributes": {
            "certificate": [],
            "certificate_data": "308203423082022AA00302010202102360DC81A7414BF2BE59661561941F5A300D06092A864886F70D01010B05003016311430120603550403130B6474732D73746E2E636F6D301E170D3230303530343137343633305A170D3231303530343137353633305A3016311430120603550403130B6474732D73746E2E636F6D30820122300D06092A864886F70D01010105000382010F003082010A0282010100A63C6FDBAAA053631D7CDFAE6012C3A193C3C27A969E3B673A5F39BB5C4D312918A02BDEE9B0D4830BEF59790C44C01075CE03CD53D027D8DB4CF9A15C2B5D4E06EBA864478A126538C8524918BE8C7544D550FBA44305A248F668FB533E79943DF7629D1B7F6466388871DEBF3B7D67DC754B9099E98FBB64859FCAF3E7D739B6966175543C8D362AF4D8C168DC2560CAC8232BA92FCD4ECD058350666844C0D6887454EE3C7CF4131A903939176C53C69CE0033934C69529DCC9C5EA6BF889E5B8DEE74D4E626DFCD831E110FB98EC3B4212D4A957DADD94B2AEAF7EF6BF68686BC752D2C367A15640A2F7C7F3F2F647E313AE73A1F47A99225539C3E7C3930203010001A3818B308188300E0603551D0F0101FF0404030201BE30090603551D130402300030130603551D25040C300A06082B0601050507030130160603551D11040F300D820B6474732E73746E2E636F6D301F0603551D23041830168014F9607F9C6D19B265E65E050892344A182220CEB6301D0603551D0E04160414F9607F9C6D19B265E65E050892344A182220CEB6300D06092A864886F70D01010B05000382010100739121C9092F7BE798AF0F79F6A106C8D05D622D85B4B0C72FB70C9F9660D7876B79A978FA5CD3398F957970DABF303CA5D466353018E9742E975212F1778EEABA84393F9160DF1076A56B8BE7DE73EBD9081C8CC627948C2567DB58C8DBC5365DB4401D9B8BE19A1AB0CF73102BB29E3A20C8654EBD86FC7D73424CEB59CE243908DE3CB540F773B8DC4CB9DFFDB1B5C3D08134F32AA33DADCF374F2D02AA9739590B3E8C867421AED12D995DE2F1F0980DD091EFA1835FDFEF86184FA4690420DDE494212D0448388F01655218712D38C489DBD0470ABE62FFE0C1716DF1C7DAC2D98DF8E317B26DF185B1A3250DBBB49A882140C856DE7C8539E06BC4AF6D",
            "certificate_policy": [
              {
                "issuer_parameters": [
                  {
                    "name": "Self"
                  }
                ],
                "key_properties": [
                  {
                    "exportable": true,
                    "key_size": 2048,
                    "key_type": "RSA",
                    "reuse_key": true
                  }
                ],
                "lifetime_action": [
                  {
                    "action": [
                      {
                        "action_type": "AutoRenew"
                      }
                    ],
                    "trigger": [
                      {
                        "days_before_expiry": 30,
                        "lifetime_percentage": 0
                      }
                    ]
                  }
                ],
                "secret_properties": [
                  {
                    "content_type": "application/x-pkcs12"
                  }
                ],
                "x509_certificate_properties": [
                  {
                    "extended_key_usage": [
                      "1.3.6.1.5.5.7.3.1"
                    ],
                    "key_usage": [
                      "cRLSign",
                      "dataEncipherment",
                      "digitalSignature",
                      "keyAgreement",
                      "keyCertSign",
                      "keyEncipherment"
                    ],
                    "subject": "CN=dts-stn.com",
                    "subject_alternative_names": [
                      {
                        "dns_names": [
                          "dts.stn.com"
                        ],
                        "emails": null,
                        "upns": null
                      }
                    ],
                    "validity_in_months": 12
                  }
                ]
              }
            ],
            "id": "https://kombine-keyvault-sandbox.vault.azure.net/certificates/kombine-example-cert/1100e3af60064a0ea55e28661a8d98ba",
            "key_vault_id": "/subscriptions/07f55ef5-e27b-42ca-9771-f2705b08acd1/resourceGroups/EsDCKombineRG/providers/Microsoft.KeyVault/vaults/kombine-keyvault-Sandbox",
            "name": "kombine-example-cert",
            "secret_id": "https://kombine-keyvault-sandbox.vault.azure.net/secrets/kombine-example-cert/1100e3af60064a0ea55e28661a8d98ba",
            "tags": null,
            "thumbprint": "6A800E6B3BB8473D8E420F72D8136D4DB1D0D1B2",
            "timeouts": null,
            "version": "1100e3af60064a0ea55e28661a8d98ba"
          },
          "private": "eyJlMmJmYjczMC1lY2FhLTExZTYtOGY4OC0zNDM2M2JjN2M0YzAiOnsiY3JlYXRlIjozNjAwMDAwMDAwMDAwLCJkZWxldGUiOjE4MDAwMDAwMDAwMDAsInJlYWQiOjMwMDAwMDAwMDAwMH19",
          "dependencies": [
            "azurerm_key_vault.keyvault"
          ]
        }
      ]
    },
    {
      "mode": "managed",
      "type": "azurerm_key_vault_secret",
      "name": "kombine-tls-cert",
      "provider": "provider.azurerm",
      "instances": [
        {
          "schema_version": 0,
          "attributes": {
            "content_type": "",
            "expiration_date": null,
            "id": "https://kombine-keyvault-sandbox.vault.azure.net/secrets/kombine-tls-cert/ca0e509cd9fb4737bc616efc6c4148c2",
            "key_vault_id": "/subscriptions/07f55ef5-e27b-42ca-9771-f2705b08acd1/resourceGroups/EsDCKombineRG/providers/Microsoft.KeyVault/vaults/kombine-keyvault-Sandbox",
            "name": "kombine-tls-cert",
            "not_before_date": null,
            "tags": null,
            "timeouts": null,
            "value": "-----BEGIN CERTIFICATE-----\nMIIBaDCCARagAwIBAgIQPkjZnaVmS3dB0X6+Mg5ybzAKBggqhkjOPQQDAjAkMRAw\nDgYDVQQKEwdEVFMtU1ROMRAwDgYDVQQDEwdEVFMtU1ROMB4XDTIwMDQyODE0MTg0\nMVoXDTIxMDQyODE0MTg0MVowJDEQMA4GA1UEChMHRFRTLVNUTjEQMA4GA1UEAxMH\nRFRTLVNUTjBOMBAGByqGSM49AgEGBSuBBAAhAzoABExKyUVRYgT+sDr0ASL9Tg16\nOLpfiJKAEuzvxM91K0c4KxnpimEqy+Hwy8LVa0HTwOcA4LcSMgKuozUwMzAOBgNV\nHQ8BAf8EBAMCBaAwEwYDVR0lBAwwCgYIKwYBBQUHAwEwDAYDVR0TAQH/BAIwADAK\nBggqhkjOPQQDAgNAADA9AhwDytgsfmb//A4QWCASoQFkWF12wWhZymz9Z5bXAh0A\njDvkpZ/vFNFQOXluhTF94aYt4iaFKTTRQ5eJ7Q==\n-----END CERTIFICATE-----\n",
            "version": "ca0e509cd9fb4737bc616efc6c4148c2"
          },
          "private": "eyJlMmJmYjczMC1lY2FhLTExZTYtOGY4OC0zNDM2M2JjN2M0YzAiOnsiY3JlYXRlIjoxODAwMDAwMDAwMDAwLCJkZWxldGUiOjE4MDAwMDAwMDAwMDAsInJlYWQiOjMwMDAwMDAwMDAwMCwidXBkYXRlIjoxODAwMDAwMDAwMDAwfX0=",
          "dependencies": [
            "azurerm_key_vault.keyvault",
            "tls_self_signed_cert.kombine-tls-cert"
          ]
        }
      ]
    },
    {
      "mode": "managed",
      "type": "azurerm_key_vault_secret",
      "name": "kombine-tls-key",
      "provider": "provider.azurerm",
      "instances": [
        {
          "schema_version": 0,
          "attributes": {
            "content_type": "",
            "expiration_date": null,
            "id": "https://kombine-keyvault-sandbox.vault.azure.net/secrets/kombine-tls-key/a3078d4c9e024c86a41d8bbd32b1946e",
            "key_vault_id": "/subscriptions/07f55ef5-e27b-42ca-9771-f2705b08acd1/resourceGroups/EsDCKombineRG/providers/Microsoft.KeyVault/vaults/kombine-keyvault-Sandbox",
            "name": "kombine-tls-key",
            "not_before_date": null,
            "tags": null,
            "timeouts": null,
            "value": "-----BEGIN EC PRIVATE KEY-----\nMGgCAQEEHNN/zFkYalfsA2Ms7U/5XOB1d3tXnieJewgsCmqgBwYFK4EEACGhPAM6\nAARMSslFUWIE/rA69AEi/U4Neji6X4iSgBLs78TPdStHOCsZ6YphKsvh8MvC1WtB\n08DnAOC3EjICrg==\n-----END EC PRIVATE KEY-----\n",
            "version": "a3078d4c9e024c86a41d8bbd32b1946e"
          },
          "private": "eyJlMmJmYjczMC1lY2FhLTExZTYtOGY4OC0zNDM2M2JjN2M0YzAiOnsiY3JlYXRlIjoxODAwMDAwMDAwMDAwLCJkZWxldGUiOjE4MDAwMDAwMDAwMDAsInJlYWQiOjMwMDAwMDAwMDAwMCwidXBkYXRlIjoxODAwMDAwMDAwMDAwfX0=",
          "dependencies": [
            "azurerm_key_vault.keyvault",
            "tls_private_key.kombine-tls-key"
          ]
        }
      ]
    },
    {
      "mode": "managed",
      "type": "azurerm_resource_group",
      "name": "main",
      "provider": "provider.azurerm",
      "instances": [
        {
          "schema_version": 0,
          "attributes": {
            "id": "/subscriptions/07f55ef5-e27b-42ca-9771-f2705b08acd1/resourceGroups/EsDCKombineRG",
            "location": "canadacentral",
            "name": "EsDCKombineRG",
            "tags": {
              "Branch": "IITB",
              "Classification": "Unclassified",
              "Directorate": "BSIM",
              "Environment": "Sandbox",
              "Project": "DTS",
              "Terraform": "True"
            },
            "timeouts": null
          },
          "private": "eyJlMmJmYjczMC1lY2FhLTExZTYtOGY4OC0zNDM2M2JjN2M0YzAiOnsiY3JlYXRlIjo1NDAwMDAwMDAwMDAwLCJkZWxldGUiOjU0MDAwMDAwMDAwMDAsInJlYWQiOjMwMDAwMDAwMDAwMCwidXBkYXRlIjo1NDAwMDAwMDAwMDAwfX0="
        }
      ]
    },
    {
      "mode": "managed",
      "type": "azurerm_storage_account",
      "name": "dtskombinestorage",
      "provider": "provider.azurerm",
      "instances": [
        {
          "schema_version": 2,
          "attributes": {
            "access_tier": "Hot",
            "account_kind": "StorageV2",
            "account_replication_type": "GRS",
            "account_tier": "Standard",
            "blob_properties": [],
            "custom_domain": [],
            "enable_https_traffic_only": true,
            "id": "/subscriptions/07f55ef5-e27b-42ca-9771-f2705b08acd1/resourceGroups/EsDCKombineRG/providers/Microsoft.Storage/storageAccounts/dtskombinestorage",
            "identity": [],
            "is_hns_enabled": false,
            "location": "canadacentral",
            "name": "dtskombinestorage",
            "network_rules": [
              {
                "bypass": [
                  "AzureServices"
                ],
                "default_action": "Allow",
                "ip_rules": [],
                "virtual_network_subnet_ids": []
              }
            ],
            "primary_access_key": "gEyryZhs0ykmt8XV6guDsZclOLtsKfiWRIL0r2dBob6x4e5/9tgAivd/xWSNMif1alntZQqNnM4rY+nBH8tHiA==",
            "primary_blob_connection_string": "DefaultEndpointsProtocol=https;BlobEndpoint=https://dtskombinestorage.blob.core.windows.net/;AccountName=dtskombinestorage;AccountKey=gEyryZhs0ykmt8XV6guDsZclOLtsKfiWRIL0r2dBob6x4e5/9tgAivd/xWSNMif1alntZQqNnM4rY+nBH8tHiA==",
            "primary_blob_endpoint": "https://dtskombinestorage.blob.core.windows.net/",
            "primary_blob_host": "dtskombinestorage.blob.core.windows.net",
            "primary_connection_string": "DefaultEndpointsProtocol=https;AccountName=dtskombinestorage;AccountKey=gEyryZhs0ykmt8XV6guDsZclOLtsKfiWRIL0r2dBob6x4e5/9tgAivd/xWSNMif1alntZQqNnM4rY+nBH8tHiA==;EndpointSuffix=core.windows.net",
            "primary_dfs_endpoint": "https://dtskombinestorage.dfs.core.windows.net/",
            "primary_dfs_host": "dtskombinestorage.dfs.core.windows.net",
            "primary_file_endpoint": "https://dtskombinestorage.file.core.windows.net/",
            "primary_file_host": "dtskombinestorage.file.core.windows.net",
            "primary_location": "canadacentral",
            "primary_queue_endpoint": "https://dtskombinestorage.queue.core.windows.net/",
            "primary_queue_host": "dtskombinestorage.queue.core.windows.net",
            "primary_table_endpoint": "https://dtskombinestorage.table.core.windows.net/",
            "primary_table_host": "dtskombinestorage.table.core.windows.net",
            "primary_web_endpoint": "https://dtskombinestorage.z9.web.core.windows.net/",
            "primary_web_host": "dtskombinestorage.z9.web.core.windows.net",
            "queue_properties": [
              {
                "cors_rule": [],
                "hour_metrics": [
                  {
                    "enabled": true,
                    "include_apis": true,
                    "retention_policy_days": 7,
                    "version": "1.0"
                  }
                ],
                "logging": [
                  {
                    "delete": false,
                    "read": false,
                    "retention_policy_days": 0,
                    "version": "1.0",
                    "write": false
                  }
                ],
                "minute_metrics": [
                  {
                    "enabled": false,
                    "include_apis": false,
                    "retention_policy_days": 0,
                    "version": "1.0"
                  }
                ]
              }
            ],
            "resource_group_name": "EsDCKombineRG",
            "secondary_access_key": "4WT8kiDNyJztZSAPLQZwIY9cM3qf+sHNNydEiDXcQmBJQAp3LYbdjYERLUyesf00I6s7xABXwdF4t7I0pwI38Q==",
            "secondary_blob_connection_string": "",
            "secondary_blob_endpoint": null,
            "secondary_blob_host": null,
            "secondary_connection_string": "DefaultEndpointsProtocol=https;AccountName=dtskombinestorage;AccountKey=4WT8kiDNyJztZSAPLQZwIY9cM3qf+sHNNydEiDXcQmBJQAp3LYbdjYERLUyesf00I6s7xABXwdF4t7I0pwI38Q==;EndpointSuffix=core.windows.net",
            "secondary_dfs_endpoint": null,
            "secondary_dfs_host": null,
            "secondary_file_endpoint": null,
            "secondary_file_host": null,
            "secondary_location": "canadaeast",
            "secondary_queue_endpoint": null,
            "secondary_queue_host": null,
            "secondary_table_endpoint": null,
            "secondary_table_host": null,
            "secondary_web_endpoint": null,
            "secondary_web_host": null,
            "static_website": [],
            "tags": {
              "environment": "Sandbox"
            },
            "timeouts": null
          },
          "private": "eyJlMmJmYjczMC1lY2FhLTExZTYtOGY4OC0zNDM2M2JjN2M0YzAiOnsiY3JlYXRlIjozNjAwMDAwMDAwMDAwLCJkZWxldGUiOjM2MDAwMDAwMDAwMDAsInJlYWQiOjMwMDAwMDAwMDAwMCwidXBkYXRlIjozNjAwMDAwMDAwMDAwfSwic2NoZW1hX3ZlcnNpb24iOiIyIn0=",
          "dependencies": [
            "azurerm_resource_group.main"
          ]
        }
      ]
    },
    {
      "mode": "managed",
      "type": "azurerm_storage_share",
      "name": "dtskombinefileshare",
      "provider": "provider.azurerm",
      "instances": [
        {
          "schema_version": 2,
          "attributes": {
            "acl": [],
            "id": "https://dtskombinestorage.file.core.windows.net/dtskombinefileshare",
            "metadata": null,
            "name": "dtskombinefileshare",
            "quota": 50,
            "storage_account_name": "dtskombinestorage",
            "timeouts": null,
            "url": "https://dtskombinestorage.file.core.windows.net/dtskombinefileshare"
          },
          "private": "eyJlMmJmYjczMC1lY2FhLTExZTYtOGY4OC0zNDM2M2JjN2M0YzAiOnsiY3JlYXRlIjoxODAwMDAwMDAwMDAwLCJkZWxldGUiOjE4MDAwMDAwMDAwMDAsInJlYWQiOjMwMDAwMDAwMDAwMCwidXBkYXRlIjoxODAwMDAwMDAwMDAwfSwic2NoZW1hX3ZlcnNpb24iOiIyIn0=",
          "dependencies": [
            "azurerm_storage_account.dtskombinestorage"
          ]
        }
      ]
    },
    {
      "mode": "managed",
      "type": "tls_private_key",
      "name": "kombine-tls-key",
      "provider": "provider.tls",
      "instances": [
        {
          "schema_version": 0,
          "attributes": {
            "algorithm": "ECDSA",
            "ecdsa_curve": "P224",
            "id": "4c4cd7c48190523da9dd24795d74ec1c675ad7a7",
            "private_key_pem": "-----BEGIN EC PRIVATE KEY-----\nMGgCAQEEHNN/zFkYalfsA2Ms7U/5XOB1d3tXnieJewgsCmqgBwYFK4EEACGhPAM6\nAARMSslFUWIE/rA69AEi/U4Neji6X4iSgBLs78TPdStHOCsZ6YphKsvh8MvC1WtB\n08DnAOC3EjICrg==\n-----END EC PRIVATE KEY-----\n",
            "public_key_fingerprint_md5": "",
            "public_key_openssh": "",
            "public_key_pem": "-----BEGIN PUBLIC KEY-----\nME4wEAYHKoZIzj0CAQYFK4EEACEDOgAETErJRVFiBP6wOvQBIv1ODXo4ul+IkoAS\n7O/Ez3UrRzgrGemKYSrL4fDLwtVrQdPA5wDgtxIyAq4=\n-----END PUBLIC KEY-----\n",
            "rsa_bits": 2048
          },
          "private": "bnVsbA=="
        }
      ]
    },
    {
      "mode": "managed",
      "type": "tls_self_signed_cert",
      "name": "kombine-tls-cert",
      "provider": "provider.tls",
      "instances": [
        {
          "schema_version": 0,
          "attributes": {
            "allowed_uses": [
              "key_encipherment",
              "digital_signature",
              "server_auth"
            ],
            "cert_pem": "-----BEGIN CERTIFICATE-----\nMIIBaDCCARagAwIBAgIQPkjZnaVmS3dB0X6+Mg5ybzAKBggqhkjOPQQDAjAkMRAw\nDgYDVQQKEwdEVFMtU1ROMRAwDgYDVQQDEwdEVFMtU1ROMB4XDTIwMDQyODE0MTg0\nMVoXDTIxMDQyODE0MTg0MVowJDEQMA4GA1UEChMHRFRTLVNUTjEQMA4GA1UEAxMH\nRFRTLVNUTjBOMBAGByqGSM49AgEGBSuBBAAhAzoABExKyUVRYgT+sDr0ASL9Tg16\nOLpfiJKAEuzvxM91K0c4KxnpimEqy+Hwy8LVa0HTwOcA4LcSMgKuozUwMzAOBgNV\nHQ8BAf8EBAMCBaAwEwYDVR0lBAwwCgYIKwYBBQUHAwEwDAYDVR0TAQH/BAIwADAK\nBggqhkjOPQQDAgNAADA9AhwDytgsfmb//A4QWCASoQFkWF12wWhZymz9Z5bXAh0A\njDvkpZ/vFNFQOXluhTF94aYt4iaFKTTRQ5eJ7Q==\n-----END CERTIFICATE-----\n",
            "dns_names": null,
            "early_renewal_hours": 3,
            "id": "82790394885373492292787331961197589103",
            "ip_addresses": null,
            "is_ca_certificate": null,
            "key_algorithm": "ECDSA",
            "private_key_pem": "40dabc745d1ee8cf8ab998d0b638a5276ad0d3b4",
            "ready_for_renewal": false,
            "set_subject_key_id": null,
            "subject": [
              {
                "common_name": "DTS-STN",
                "country": "",
                "locality": "",
                "organization": "DTS-STN",
                "organizational_unit": "",
                "postal_code": "",
                "province": "",
                "serial_number": "",
                "street_address": []
              }
            ],
            "uris": null,
            "validity_end_time": "2021-04-28T10:18:41.157814-04:00",
            "validity_period_hours": 8760,
            "validity_start_time": "2020-04-28T10:18:41.157814-04:00"
          },
          "private": "bnVsbA==",
          "dependencies": [
            "tls_private_key.kombine-tls-key"
          ]
        }
      ]
    }
  ]
}
