{
  "version": 4,
  "terraform_version": "0.12.21",
  "serial": 28,
  "lineage": "c1ca2037-2850-97e0-d62c-59df0cf99c1e",
  "outputs": {},
  "resources": [
    {
      "mode": "managed",
      "type": "azurerm_key_vault",
      "name": "keyvault",
      "provider": "provider.azurerm",
      "instances": [
        {
          "schema_version": 1,
          "attributes": {
            "access_policy": [
              {
                "application_id": "e39aa735-9298-4b35-b742-96fd74e5fd48",
                "certificate_permissions": [
                  "Get",
                  "List",
                  "Update",
                  "Create",
                  "Import",
                  "Delete",
                  "Recover",
                  "Backup",
                  "Restore",
                  "ManageContacts",
                  "ManageIssuers",
                  "GetIssuers",
                  "ListIssuers",
                  "SetIssuers",
                  "DeleteIssuers"
                ],
                "key_permissions": [
                  "Get",
                  "List",
                  "Update",
                  "Create",
                  "Import",
                  "Delete",
                  "Recover",
                  "Backup",
                  "Restore"
                ],
                "object_id": "f3140e7a-b81e-4437-bacf-7648693b51f3",
                "secret_permissions": [
                  "Get",
                  "List",
                  "Set",
                  "Delete",
                  "Recover",
                  "Backup",
                  "Restore"
                ],
                "storage_permissions": [],
                "tenant_id": "9ed55846-8a81-4246-acd8-b1a01abfc0d1"
              },
              {
                "application_id": "",
                "certificate_permissions": [
                  "Get",
                  "List",
                  "Update",
                  "Create",
                  "Import",
                  "Delete",
                  "Recover",
                  "Backup",
                  "Restore",
                  "ManageContacts",
                  "ManageIssuers",
                  "GetIssuers",
                  "ListIssuers",
                  "SetIssuers",
                  "DeleteIssuers"
                ],
                "key_permissions": [
                  "Get",
                  "List",
                  "Update",
                  "Create",
                  "Import",
                  "Delete",
                  "Recover",
                  "Backup",
                  "Restore"
                ],
                "object_id": "f3140e7a-b81e-4437-bacf-7648693b51f3",
                "secret_permissions": [
                  "Get",
                  "List",
                  "Set",
                  "Delete",
                  "Recover",
                  "Backup",
                  "Restore"
                ],
                "storage_permissions": [],
                "tenant_id": "9ed55846-8a81-4246-acd8-b1a01abfc0d1"
              }
            ],
            "enabled_for_deployment": false,
            "enabled_for_disk_encryption": true,
            "enabled_for_template_deployment": false,
            "id": "/subscriptions/07f55ef5-e27b-42ca-9771-f2705b08acd1/resourceGroups/EsDCKombineRG/providers/Microsoft.KeyVault/vaults/kombine-keyvault-Sandbox",
            "location": "canadacentral",
            "name": "kombine-keyvault-Sandbox",
            "network_acls": [
              {
                "bypass": "AzureServices",
                "default_action": "Allow",
                "ip_rules": [],
                "virtual_network_subnet_ids": []
              }
            ],
            "purge_protection_enabled": false,
            "resource_group_name": "EsDCKombineRG",
            "sku_name": "standard",
            "soft_delete_enabled": false,
            "tags": {
              "Branch": "IITB",
              "Classification": "Unclassified",
              "Directorate": "BSIM",
              "Project": "DTS",
              "Terraform": "True",
              "environment": "Sandbox"
            },
            "tenant_id": "9ed55846-8a81-4246-acd8-b1a01abfc0d1",
            "timeouts": null,
            "vault_uri": "https://kombine-keyvault-sandbox.vault.azure.net/"
          },
          "private": "eyJlMmJmYjczMC1lY2FhLTExZTYtOGY4OC0zNDM2M2JjN2M0YzAiOnsiY3JlYXRlIjoxODAwMDAwMDAwMDAwLCJkZWxldGUiOjE4MDAwMDAwMDAwMDAsInJlYWQiOjMwMDAwMDAwMDAwMCwidXBkYXRlIjoxODAwMDAwMDAwMDAwfSwic2NoZW1hX3ZlcnNpb24iOiIxIn0=",
          "dependencies": [
            "azurerm_resource_group.main"
          ]
        }
      ]
    },
    {
      "mode": "managed",
      "type": "azurerm_key_vault_secret",
      "name": "kombine-tls-cert",
      "provider": "provider.azurerm",
      "instances": [
        {
          "schema_version": 0,
          "attributes": {
            "content_type": "",
            "expiration_date": null,
            "id": "https://kombine-keyvault-sandbox.vault.azure.net/secrets/kombine-tls-cert/8640a1b2bd584d5b9062e3bdf3b7f719",
            "key_vault_id": "/subscriptions/07f55ef5-e27b-42ca-9771-f2705b08acd1/resourceGroups/EsDCKombineRG/providers/Microsoft.KeyVault/vaults/kombine-keyvault-Sandbox",
            "name": "kombine-tls-cert",
            "not_before_date": null,
            "tags": null,
            "timeouts": null,
            "value": "-----BEGIN CERTIFICATE-----\nMIIBaDCCARagAwIBAgIQPkjZnaVmS3dB0X6+Mg5ybzAKBggqhkjOPQQDAjAkMRAw\nDgYDVQQKEwdEVFMtU1ROMRAwDgYDVQQDEwdEVFMtU1ROMB4XDTIwMDQyODE0MTg0\nMVoXDTIxMDQyODE0MTg0MVowJDEQMA4GA1UEChMHRFRTLVNUTjEQMA4GA1UEAxMH\nRFRTLVNUTjBOMBAGByqGSM49AgEGBSuBBAAhAzoABExKyUVRYgT+sDr0ASL9Tg16\nOLpfiJKAEuzvxM91K0c4KxnpimEqy+Hwy8LVa0HTwOcA4LcSMgKuozUwMzAOBgNV\nHQ8BAf8EBAMCBaAwEwYDVR0lBAwwCgYIKwYBBQUHAwEwDAYDVR0TAQH/BAIwADAK\nBggqhkjOPQQDAgNAADA9AhwDytgsfmb//A4QWCASoQFkWF12wWhZymz9Z5bXAh0A\njDvkpZ/vFNFQOXluhTF94aYt4iaFKTTRQ5eJ7Q==\n-----END CERTIFICATE-----\n",
            "version": "8640a1b2bd584d5b9062e3bdf3b7f719"
          },
          "private": "eyJlMmJmYjczMC1lY2FhLTExZTYtOGY4OC0zNDM2M2JjN2M0YzAiOnsiY3JlYXRlIjoxODAwMDAwMDAwMDAwLCJkZWxldGUiOjE4MDAwMDAwMDAwMDAsInJlYWQiOjMwMDAwMDAwMDAwMCwidXBkYXRlIjoxODAwMDAwMDAwMDAwfX0=",
          "dependencies": [
            "azurerm_key_vault.keyvault",
            "tls_self_signed_cert.kombine-tls-cert"
          ]
        }
      ]
    },
    {
      "mode": "managed",
      "type": "azurerm_key_vault_secret",
      "name": "kombine-tls-key",
      "provider": "provider.azurerm",
      "instances": [
        {
          "schema_version": 0,
          "attributes": {
            "content_type": "",
            "expiration_date": null,
            "id": "https://kombine-keyvault-sandbox.vault.azure.net/secrets/kombine-tls-key/7a865038f74346c68ef64101a9757108",
            "key_vault_id": "/subscriptions/07f55ef5-e27b-42ca-9771-f2705b08acd1/resourceGroups/EsDCKombineRG/providers/Microsoft.KeyVault/vaults/kombine-keyvault-Sandbox",
            "name": "kombine-tls-key",
            "not_before_date": null,
            "tags": null,
            "timeouts": null,
            "value": "-----BEGIN EC PRIVATE KEY-----\nMGgCAQEEHNN/zFkYalfsA2Ms7U/5XOB1d3tXnieJewgsCmqgBwYFK4EEACGhPAM6\nAARMSslFUWIE/rA69AEi/U4Neji6X4iSgBLs78TPdStHOCsZ6YphKsvh8MvC1WtB\n08DnAOC3EjICrg==\n-----END EC PRIVATE KEY-----\n",
            "version": "7a865038f74346c68ef64101a9757108"
          },
          "private": "eyJlMmJmYjczMC1lY2FhLTExZTYtOGY4OC0zNDM2M2JjN2M0YzAiOnsiY3JlYXRlIjoxODAwMDAwMDAwMDAwLCJkZWxldGUiOjE4MDAwMDAwMDAwMDAsInJlYWQiOjMwMDAwMDAwMDAwMCwidXBkYXRlIjoxODAwMDAwMDAwMDAwfX0=",
          "dependencies": [
            "azurerm_key_vault.keyvault",
            "tls_private_key.kombine-tls-key"
          ]
        }
      ]
    },
    {
      "mode": "managed",
      "type": "azurerm_resource_group",
      "name": "main",
      "provider": "provider.azurerm",
      "instances": [
        {
          "schema_version": 0,
          "attributes": {
            "id": "/subscriptions/07f55ef5-e27b-42ca-9771-f2705b08acd1/resourceGroups/EsDCKombineRG",
            "location": "canadacentral",
            "name": "EsDCKombineRG",
            "tags": {
              "Branch": "IITB",
              "Classification": "Unclassified",
              "Directorate": "BSIM",
              "Environment": "Sandbox",
              "Project": "DTS",
              "Terraform": "True"
            },
            "timeouts": null
          },
          "private": "eyJlMmJmYjczMC1lY2FhLTExZTYtOGY4OC0zNDM2M2JjN2M0YzAiOnsiY3JlYXRlIjo1NDAwMDAwMDAwMDAwLCJkZWxldGUiOjU0MDAwMDAwMDAwMDAsInJlYWQiOjMwMDAwMDAwMDAwMCwidXBkYXRlIjo1NDAwMDAwMDAwMDAwfX0="
        }
      ]
    },
    {
      "mode": "managed",
      "type": "tls_private_key",
      "name": "kombine-tls-key",
      "provider": "provider.tls",
      "instances": [
        {
          "schema_version": 0,
          "attributes": {
            "algorithm": "ECDSA",
            "ecdsa_curve": "P224",
            "id": "4c4cd7c48190523da9dd24795d74ec1c675ad7a7",
            "private_key_pem": "-----BEGIN EC PRIVATE KEY-----\nMGgCAQEEHNN/zFkYalfsA2Ms7U/5XOB1d3tXnieJewgsCmqgBwYFK4EEACGhPAM6\nAARMSslFUWIE/rA69AEi/U4Neji6X4iSgBLs78TPdStHOCsZ6YphKsvh8MvC1WtB\n08DnAOC3EjICrg==\n-----END EC PRIVATE KEY-----\n",
            "public_key_fingerprint_md5": "",
            "public_key_openssh": "",
            "public_key_pem": "-----BEGIN PUBLIC KEY-----\nME4wEAYHKoZIzj0CAQYFK4EEACEDOgAETErJRVFiBP6wOvQBIv1ODXo4ul+IkoAS\n7O/Ez3UrRzgrGemKYSrL4fDLwtVrQdPA5wDgtxIyAq4=\n-----END PUBLIC KEY-----\n",
            "rsa_bits": 2048
          },
          "private": "bnVsbA=="
        }
      ]
    },
    {
      "mode": "managed",
      "type": "tls_self_signed_cert",
      "name": "kombine-tls-cert",
      "provider": "provider.tls",
      "instances": [
        {
          "schema_version": 0,
          "attributes": {
            "allowed_uses": [
              "key_encipherment",
              "digital_signature",
              "server_auth"
            ],
            "cert_pem": "-----BEGIN CERTIFICATE-----\nMIIBaDCCARagAwIBAgIQPkjZnaVmS3dB0X6+Mg5ybzAKBggqhkjOPQQDAjAkMRAw\nDgYDVQQKEwdEVFMtU1ROMRAwDgYDVQQDEwdEVFMtU1ROMB4XDTIwMDQyODE0MTg0\nMVoXDTIxMDQyODE0MTg0MVowJDEQMA4GA1UEChMHRFRTLVNUTjEQMA4GA1UEAxMH\nRFRTLVNUTjBOMBAGByqGSM49AgEGBSuBBAAhAzoABExKyUVRYgT+sDr0ASL9Tg16\nOLpfiJKAEuzvxM91K0c4KxnpimEqy+Hwy8LVa0HTwOcA4LcSMgKuozUwMzAOBgNV\nHQ8BAf8EBAMCBaAwEwYDVR0lBAwwCgYIKwYBBQUHAwEwDAYDVR0TAQH/BAIwADAK\nBggqhkjOPQQDAgNAADA9AhwDytgsfmb//A4QWCASoQFkWF12wWhZymz9Z5bXAh0A\njDvkpZ/vFNFQOXluhTF94aYt4iaFKTTRQ5eJ7Q==\n-----END CERTIFICATE-----\n",
            "dns_names": null,
            "early_renewal_hours": 3,
            "id": "82790394885373492292787331961197589103",
            "ip_addresses": null,
            "is_ca_certificate": null,
            "key_algorithm": "ECDSA",
            "private_key_pem": "40dabc745d1ee8cf8ab998d0b638a5276ad0d3b4",
            "ready_for_renewal": false,
            "set_subject_key_id": null,
            "subject": [
              {
                "common_name": "DTS-STN",
                "country": "",
                "locality": "",
                "organization": "DTS-STN",
                "organizational_unit": "",
                "postal_code": "",
                "province": "",
                "serial_number": "",
                "street_address": []
              }
            ],
            "uris": null,
            "validity_end_time": "2021-04-28T10:18:41.157814-04:00",
            "validity_period_hours": 8760,
            "validity_start_time": "2020-04-28T10:18:41.157814-04:00"
          },
          "private": "bnVsbA==",
          "dependencies": [
            "tls_private_key.kombine-tls-key"
          ]
        }
      ]
    }
  ]
}
